
Microsoft Visual Studio Solution File, Format Version 12.00
# Visual Studio 15
VisualStudioVersion = 15.0.28307.539
MinimumVisualStudioVersion = 10.0.40219.1
Project("{FAE04EC0-301F-11D3-BF4B-00C04F79EFBC}") = "TaskAll", "TaskAll\TaskAll.csproj", "{72321E52-D71A-44B1-8279-96D85606FDDA}"
EndProject
Project("{FAE04EC0-301F-11D3-BF4B-00C04F79EFBC}") = "TaskAll.Tests", "TaskAll.Tests\TaskAll.Tests.csproj", "{D4822280-A45D-47B3-826F-CCD89DCB899E}"
EndProject
Global
	GlobalSection(SolutionConfigurationPlatforms) = preSolution
		Debug|Any CPU = Debug|Any CPU
		Release|Any CPU = Release|Any CPU
	EndGlobalSection
	GlobalSection(ProjectConfigurationPlatforms) = postSolution
		{72321E52-D71A-44B1-8279-96D85606FDDA}.Debug|Any CPU.ActiveCfg = Debug|Any CPU
		{72321E52-D71A-44B1-8279-96D85606FDDA}.Debug|Any CPU.Build.0 = Debug|Any CPU
		{72321E52-D71A-44B1-8279-96D85606FDDA}.Release|Any CPU.ActiveCfg = Release|Any CPU
		{72321E52-D71A-44B1-8279-96D85606FDDA}.Release|Any CPU.Build.0 = Release|Any CPU
		{D4822280-A45D-47B3-826F-CCD89DCB899E}.Debug|Any CPU.ActiveCfg = Debug|Any CPU
		{D4822280-A45D-47B3-826F-CCD89DCB899E}.Debug|Any CPU.Build.0 = Debug|Any CPU
		{D4822280-A45D-47B3-826F-CCD89DCB899E}.Release|Any CPU.ActiveCfg = Release|Any CPU
		{D4822280-A45D-47B3-826F-CCD89DCB899E}.Release|Any CPU.Build.0 = Release|Any CPU
	EndGlobalSection
	GlobalSection(SolutionProperties) = preSolution
		HideSolutionNode = FALSE
	EndGlobalSection
	GlobalSection(ExtensibilityGlobals) = postSolution
		SolutionGuid = {8F71DE3F-7BE6-4F5C-A6BD-F415A844222C}
	EndGlobalSection
EndGlobal
